
Microsoft Visual Studio Solution File, Format Version 12.00
Project("{FAE04EC0-301F-11D3-BF4B-00C04F79EFBC}") = "Loops", "Loops\Loops.csproj", "{101FEA0B-FDD9-4C18-A9C5-11AE22C87843}"
EndProject
Project("{FAE04EC0-301F-11D3-BF4B-00C04F79EFBC}") = "Conditions", "Conditions\Conditions.csproj", "{5C5D71A7-E769-4288-9A7D-4CC4F8C1C1BE}"
EndProject
Global
	GlobalSection(SolutionConfigurationPlatforms) = preSolution
		Debug|Any CPU = Debug|Any CPU
		Release|Any CPU = Release|Any CPU
	EndGlobalSection
	GlobalSection(ProjectConfigurationPlatforms) = postSolution
		{101FEA0B-FDD9-4C18-A9C5-11AE22C87843}.Debug|Any CPU.ActiveCfg = Debug|Any CPU
		{101FEA0B-FDD9-4C18-A9C5-11AE22C87843}.Debug|Any CPU.Build.0 = Debug|Any CPU
		{101FEA0B-FDD9-4C18-A9C5-11AE22C87843}.Release|Any CPU.ActiveCfg = Release|Any CPU
		{101FEA0B-FDD9-4C18-A9C5-11AE22C87843}.Release|Any CPU.Build.0 = Release|Any CPU
		{5C5D71A7-E769-4288-9A7D-4CC4F8C1C1BE}.Debug|Any CPU.ActiveCfg = Debug|Any CPU
		{5C5D71A7-E769-4288-9A7D-4CC4F8C1C1BE}.Debug|Any CPU.Build.0 = Debug|Any CPU
		{5C5D71A7-E769-4288-9A7D-4CC4F8C1C1BE}.Release|Any CPU.ActiveCfg = Release|Any CPU
		{5C5D71A7-E769-4288-9A7D-4CC4F8C1C1BE}.Release|Any CPU.Build.0 = Release|Any CPU
	EndGlobalSection
EndGlobal
